
Microsoft Visual Studio Solution File, Format Version 12.00
# Visual Studio Version 16
VisualStudioVersion = 16.0.30320.27
MinimumVisualStudioVersion = 10.0.40219.1
Project("{FAE04EC0-301F-11D3-BF4B-00C04F79EFBC}") = "FrogGame", "FrogGame\FrogGame.csproj", "{CF5CAC95-5BD9-40A7-BEEA-45C021500209}"
EndProject
Global
	GlobalSection(SolutionConfigurationPlatforms) = preSolution
		Debug|Any CPU = Debug|Any CPU
		Release|Any CPU = Release|Any CPU
	EndGlobalSection
	GlobalSection(ProjectConfigurationPlatforms) = postSolution
		{CF5CAC95-5BD9-40A7-BEEA-45C021500209}.Debug|Any CPU.ActiveCfg = Debug|Any CPU
		{CF5CAC95-5BD9-40A7-BEEA-45C021500209}.Debug|Any CPU.Build.0 = Debug|Any CPU
		{CF5CAC95-5BD9-40A7-BEEA-45C021500209}.Release|Any CPU.ActiveCfg = Release|Any CPU
		{CF5CAC95-5BD9-40A7-BEEA-45C021500209}.Release|Any CPU.Build.0 = Release|Any CPU
	EndGlobalSection
	GlobalSection(SolutionProperties) = preSolution
		HideSolutionNode = FALSE
	EndGlobalSection
	GlobalSection(ExtensibilityGlobals) = postSolution
		SolutionGuid = {DA16D281-268A-4833-8201-163427A4834F}
	EndGlobalSection
EndGlobal
